
Microsoft Visual Studio Solution File, Format Version 12.00
# Visual Studio Version 17
VisualStudioVersion = 17.6.33829.357
MinimumVisualStudioVersion = 10.0.40219.1
Project("{FAE04EC0-301F-11D3-BF4B-00C04F79EFBC}") = "StaffMembers.BenchmarkApp", "StaffMembers.BenchmarkApp\StaffMembers.BenchmarkApp.csproj", "{143FFE84-9D5C-4890-88ED-423E5E7BF068}"
EndProject
Project("{FAE04EC0-301F-11D3-BF4B-00C04F79EFBC}") = "BMStaffUnitTests", "BMStaffUnitTests\BMStaffUnitTests.csproj", "{8A0B24AF-309C-4AF2-914E-F5060FCC658B}"
EndProject
Global
	GlobalSection(SolutionConfigurationPlatforms) = preSolution
		Debug|Any CPU = Debug|Any CPU
		Release|Any CPU = Release|Any CPU
	EndGlobalSection
	GlobalSection(ProjectConfigurationPlatforms) = postSolution
		{143FFE84-9D5C-4890-88ED-423E5E7BF068}.Debug|Any CPU.ActiveCfg = Debug|Any CPU
		{143FFE84-9D5C-4890-88ED-423E5E7BF068}.Debug|Any CPU.Build.0 = Debug|Any CPU
		{143FFE84-9D5C-4890-88ED-423E5E7BF068}.Release|Any CPU.ActiveCfg = Release|Any CPU
		{143FFE84-9D5C-4890-88ED-423E5E7BF068}.Release|Any CPU.Build.0 = Release|Any CPU
		{8A0B24AF-309C-4AF2-914E-F5060FCC658B}.Debug|Any CPU.ActiveCfg = Debug|Any CPU
		{8A0B24AF-309C-4AF2-914E-F5060FCC658B}.Debug|Any CPU.Build.0 = Debug|Any CPU
		{8A0B24AF-309C-4AF2-914E-F5060FCC658B}.Release|Any CPU.ActiveCfg = Release|Any CPU
		{8A0B24AF-309C-4AF2-914E-F5060FCC658B}.Release|Any CPU.Build.0 = Release|Any CPU
	EndGlobalSection
	GlobalSection(SolutionProperties) = preSolution
		HideSolutionNode = FALSE
	EndGlobalSection
	GlobalSection(ExtensibilityGlobals) = postSolution
		SolutionGuid = {E62ED750-5FF0-4E37-A212-5084F2DC99DF}
	EndGlobalSection
EndGlobal
